<?xml version="1.0" encoding="utf-8"?>
<Project ToolsVersion="4.0" xmlns="http://schemas.microsoft.com/developer/msbuild/2003">
  <ItemGroup>
    <Filter Include="Source Files">
      <UniqueIdentifier>{4FC737F1-C7A5-4376-A066-2A32D752A2FF}</UniqueIdentifier>
      <Extensions>cpp;c;cc;cxx;def;odl;idl;hpj;bat;asm;asmx</Extensions>
    </Filter>
    <Filter Include="Header Files">
      <UniqueIdentifier>{93995380-89BD-4b04-88EB-625FBE52EBFB}</UniqueIdentifier>
      <Extensions>h;hpp;hxx;hm;inl;inc;xsd</Extensions>
    </Filter>
    <Filter Include="Resource Files">
      <UniqueIdentifier>{67DA6AB6-F800-4c08-8B7A-83BB121AAD01}</UniqueIdentifier>
      <Extensions>rc;ico;cur;bmp;dlg;rc2;rct;bin;rgs;gif;jpg;jpeg;jpe;resx;tiff;tif;png;wav;mfcribbon-ms</Extensions>
    </Filter>
  </ItemGroup>
  <ItemGroup>
    <None Include="ReadMe.txt" />
    <None Include="app.ico">
      <Filter>Resource Files</Filter>
    </None>
    <None Include="..\..\..\img\next.png">
      <Filter>Resource Files</Filter>
    </None>
    <None Include="..\..\..\img\prev.png">
      <Filter>Resource Files</Filter>
    </None>
    <None Include="..\..\Hansu_Stable.zip">
      <Filter>Source Files</Filter>
    </None>
  </ItemGroup>
  <ItemGroup>
    <ClCompile Include="projectUI.cpp">
      <Filter>Source Files</Filter>
    </ClCompile>
    <ClCompile Include="AssemblyInfo.cpp">
      <Filter>Source Files</Filter>
    </ClCompile>
    <ClCompile Include="stdafx.cpp">
      <Filter>Source Files</Filter>
    </ClCompile>
    <ClCompile Include="professor.cpp">
      <Filter>Source Files</Filter>
    </ClCompile>
    <ClCompile Include="professor_sendGrades.cpp">
      <Filter>Source Files</Filter>
    </ClCompile>
    <ClCompile Include="professor_sendCoursePreference.cpp">
      <Filter>Source Files</Filter>
    </ClCompile>
    <ClCompile Include="professor_currentCourses.cpp">
      <Filter>Source Files</Filter>
    </ClCompile>
    <ClCompile Include="professor_addnotif_1.cpp">
      <Filter>Source Files</Filter>
    </ClCompile>
    <ClCompile Include="professor_addnotif_2.cpp">
      <Filter>Source Files</Filter>
    </ClCompile>
    <ClCompile Include="professor_addnotif_3.cpp">
      <Filter>Source Files</Filter>
    </ClCompile>
    <ClCompile Include="professor_updateProfile.cpp">
      <Filter>Source Files</Filter>
    </ClCompile>
    <ClCompile Include="professor_viewNotifications.cpp">
      <Filter>Source Files</Filter>
    </ClCompile>
    <ClCompile Include="professor_ta_manage.cpp">
      <Filter>Source Files</Filter>
    </ClCompile>
    <ClCompile Include="professor_current_students.cpp">
      <Filter>Source Files</Filter>
    </ClCompile>
    <ClCompile Include="professor_course_adjustment.cpp">
      <Filter>Source Files</Filter>
    </ClCompile>
    <ClCompile Include="Homepage.cpp">
      <Filter>Source Files</Filter>
    </ClCompile>
    <ClCompile Include="DetailedStudentProfile.cpp">
      <Filter>Source Files</Filter>
    </ClCompile>
    <ClCompile Include="Search.cpp">
      <Filter>Source Files</Filter>
    </ClCompile>
    <ClCompile Include="StudentCourses.cpp">
      <Filter>Source Files</Filter>
    </ClCompile>
    <ClCompile Include="StudentForm.cpp">
      <Filter>Source Files</Filter>
    </ClCompile>
    <ClCompile Include="StudentProfile.cpp">
      <Filter>Source Files</Filter>
    </ClCompile>
    <ClCompile Include="StudentNoticifications.cpp">
      <Filter>Source Files</Filter>
    </ClCompile>
    <ClCompile Include="StudentTimeTable.cpp">
      <Filter>Source Files</Filter>
    </ClCompile>
    <ClCompile Include="homepageNotifications.cpp">
      <Filter>Source Files</Filter>
    </ClCompile>
    <ClCompile Include="professor_tt.cpp">
      <Filter>Source Files</Filter>
    </ClCompile>
    <ClCompile Include="additional_details.cpp">
      <Filter>Source Files</Filter>
    </ClCompile>
    <ClCompile Include="Admin.cpp">
      <Filter>Source Files</Filter>
    </ClCompile>
    <ClCompile Include="CourseEnrollment.cpp">
      <Filter>Source Files</Filter>
    </ClCompile>
    <ClCompile Include="HOD.cpp">
      <Filter>Source Files</Filter>
    </ClCompile>
    <ClCompile Include="hod_view_notifications.cpp">
      <Filter>Source Files</Filter>
    </ClCompile>
    <ClCompile Include="Notifications.cpp">
      <Filter>Source Files</Filter>
    </ClCompile>
    <ClCompile Include="Prof_profile.cpp">
      <Filter>Source Files</Filter>
    </ClCompile>
    <ClCompile Include="signup.cpp">
      <Filter>Source Files</Filter>
    </ClCompile>
    <ClCompile Include="Student_details.cpp">
      <Filter>Source Files</Filter>
    </ClCompile>
    <ClCompile Include="ExamRoomAllotment.cpp">
      <Filter>Source Files</Filter>
    </ClCompile>
    <ClCompile Include="globalVars.cpp">
      <Filter>Source Files</Filter>
    </ClCompile>
    <ClCompile Include="ProfAssignment.cpp">
      <Filter>Source Files</Filter>
    </ClCompile>
    <ClCompile Include="roomAllocation.cpp">
      <Filter>Source Files</Filter>
    </ClCompile>
    <ClCompile Include="slotAllocation.cpp">
      <Filter>Source Files</Filter>
    </ClCompile>
    <ClCompile Include="login_as.cpp">
      <Filter>Source Files</Filter>
    </ClCompile>
    <ClCompile Include="Exam_TT__.cpp">
      <Filter>Source Files</Filter>
    </ClCompile>
  </ItemGroup>
  <ItemGroup>
    <ClInclude Include="stdafx.h">
      <Filter>Header Files</Filter>
    </ClInclude>
    <ClInclude Include="resource.h">
      <Filter>Header Files</Filter>
    </ClInclude>
    <ClInclude Include="professor.h">
      <Filter>Header Files</Filter>
    </ClInclude>
    <ClInclude Include="professor_sendGrades.h">
      <Filter>Header Files</Filter>
    </ClInclude>
    <ClInclude Include="professor_sendCoursePreference.h">
      <Filter>Header Files</Filter>
    </ClInclude>
    <ClInclude Include="professor_currentCourses.h">
      <Filter>Header Files</Filter>
    </ClInclude>
    <ClInclude Include="professor_addnotif_1.h">
      <Filter>Header Files</Filter>
    </ClInclude>
    <ClInclude Include="professor_addnotif_2.h">
      <Filter>Header Files</Filter>
    </ClInclude>
    <ClInclude Include="professor_addnotif_3.h">
      <Filter>Header Files</Filter>
    </ClInclude>
    <ClInclude Include="professor_updateProfile.h">
      <Filter>Header Files</Filter>
    </ClInclude>
    <ClInclude Include="professor_viewNotifications.h">
      <Filter>Header Files</Filter>
    </ClInclude>
    <ClInclude Include="professor_ta_manage.h">
      <Filter>Header Files</Filter>
    </ClInclude>
    <ClInclude Include="professor_current_students.h">
      <Filter>Header Files</Filter>
    </ClInclude>
    <ClInclude Include="professor_course_adjustment.h">
      <Filter>Header Files</Filter>
    </ClInclude>
    <ClInclude Include="Homepage.h">
      <Filter>Header Files</Filter>
    </ClInclude>
    <ClInclude Include="DetailedStudentProfile.h">
      <Filter>Header Files</Filter>
    </ClInclude>
    <ClInclude Include="Search.h">
      <Filter>Header Files</Filter>
    </ClInclude>
    <ClInclude Include="StudentCourses.h">
      <Filter>Header Files</Filter>
    </ClInclude>
    <ClInclude Include="StudentForm.h">
      <Filter>Header Files</Filter>
    </ClInclude>
    <ClInclude Include="StudentProfile.h">
      <Filter>Header Files</Filter>
    </ClInclude>
    <ClInclude Include="StudentNoticifications.h">
      <Filter>Header Files</Filter>
    </ClInclude>
    <ClInclude Include="StudentTimeTable.h">
      <Filter>Header Files</Filter>
    </ClInclude>
    <ClInclude Include="homepageNotifications.h">
      <Filter>Header Files</Filter>
    </ClInclude>
    <ClInclude Include="professor_tt.h">
      <Filter>Header Files</Filter>
    </ClInclude>
    <ClInclude Include="additional_details.h">
      <Filter>Header Files</Filter>
    </ClInclude>
    <ClInclude Include="Admin.h">
      <Filter>Header Files</Filter>
    </ClInclude>
    <ClInclude Include="CourseEnrollment.h">
      <Filter>Header Files</Filter>
    </ClInclude>
    <ClInclude Include="HOD.h">
      <Filter>Header Files</Filter>
    </ClInclude>
    <ClInclude Include="hod_view_notifications.h">
      <Filter>Header Files</Filter>
    </ClInclude>
    <ClInclude Include="Prof_profile.h">
      <Filter>Header Files</Filter>
    </ClInclude>
    <ClInclude Include="signup.h">
      <Filter>Header Files</Filter>
    </ClInclude>
    <ClInclude Include="Student_details.h">
      <Filter>Header Files</Filter>
    </ClInclude>
    <ClInclude Include="globalVars.h">
      <Filter>Header Files</Filter>
    </ClInclude>
    <ClInclude Include="TTfunctions.h">
      <Filter>Header Files</Filter>
    </ClInclude>
    <ClInclude Include="login_as.h">
      <Filter>Header Files</Filter>
    </ClInclude>
    <ClInclude Include="Exam_TT__.h">
      <Filter>Header Files</Filter>
    </ClInclude>
  </ItemGroup>
  <ItemGroup>
    <ResourceCompile Include="app.rc">
      <Filter>Resource Files</Filter>
    </ResourceCompile>
  </ItemGroup>
  <ItemGroup>
    <EmbeddedResource Include="professor.resx">
      <Filter>Resource Files</Filter>
    </EmbeddedResource>
    <EmbeddedResource Include="professor_sendGrades.resx">
      <Filter>Resource Files</Filter>
    </EmbeddedResource>
    <EmbeddedResource Include="professor_sendCoursePreference.resx">
      <Filter>Resource Files</Filter>
    </EmbeddedResource>
    <EmbeddedResource Include="professor_currentCourses.resx">
      <Filter>Resource Files</Filter>
    </EmbeddedResource>
    <EmbeddedResource Include="professor_addnotif_1.resx">
      <Filter>Resource Files</Filter>
    </EmbeddedResource>
    <EmbeddedResource Include="professor_addnotif_2.resx">
      <Filter>Resource Files</Filter>
    </EmbeddedResource>
    <EmbeddedResource Include="professor_addnotif_3.resx">
      <Filter>Resource Files</Filter>
    </EmbeddedResource>
    <EmbeddedResource Include="Homepage.resX">
      <Filter>Resource Files</Filter>
    </EmbeddedResource>
    <EmbeddedResource Include="professor_course_adjustment.resx">
      <Filter>Resource Files</Filter>
    </EmbeddedResource>
    <EmbeddedResource Include="professor_current_students.resx">
      <Filter>Resource Files</Filter>
    </EmbeddedResource>
    <EmbeddedResource Include="StudentCourses.resx">
      <Filter>Header Files</Filter>
    </EmbeddedResource>
    <EmbeddedResource Include="StudentForm.resx">
      <Filter>Resource Files</Filter>
    </EmbeddedResource>
    <EmbeddedResource Include="DetailedStudentProfile.resx">
      <Filter>Resource Files</Filter>
    </EmbeddedResource>
    <EmbeddedResource Include="Search.resx">
      <Filter>Resource Files</Filter>
    </EmbeddedResource>
    <EmbeddedResource Include="StudentProfile.resx">
      <Filter>Resource Files</Filter>
    </EmbeddedResource>
    <EmbeddedResource Include="StudentNoticifications.resx">
      <Filter>Resource Files</Filter>
    </EmbeddedResource>
    <EmbeddedResource Include="StudentTimeTable.resx">
      <Filter>Resource Files</Filter>
    </EmbeddedResource>
    <EmbeddedResource Include="professor_tt.resx">
      <Filter>Resource Files</Filter>
    </EmbeddedResource>
  </ItemGroup>
</Project>